
Microsoft Visual Studio Solution File, Format Version 12.00
# Visual Studio Version 17
VisualStudioVersion = 17.8.34330.188
MinimumVisualStudioVersion = 10.0.40219.1
Project("{2150E333-8FDC-42A3-9474-1A3956D46DE8}") = "Resources", "Resources", "{83118677-9BF5-4430-A2E9-F7E89D73042F}"
EndProject
Project("{FAE04EC0-301F-11D3-BF4B-00C04F79EFBC}") = "JM.RulesEngine.Domain", "JM.RulesEngine.Domain\JM.RulesEngine.Domain.csproj", "{2386C0E4-DF45-462C-8369-61140A9C5E9C}"
EndProject
Project("{FAE04EC0-301F-11D3-BF4B-00C04F79EFBC}") = "JM.RulesEngine.Data", "JM.RulesEngine.Data\JM.RulesEngine.Data.csproj", "{2D82AD19-0E49-400B-A4D7-39DBB8C8B19C}"
EndProject
Project("{FAE04EC0-301F-11D3-BF4B-00C04F79EFBC}") = "JM.RulesEngine.ConsoleDemo", "JM.RulesEngine.ConsoleDemo\JM.RulesEngine.ConsoleDemo.csproj", "{1E5523CC-9D01-4320-AFE1-E413C70DA3A2}"
EndProject
Global
	GlobalSection(SolutionConfigurationPlatforms) = preSolution
		Debug|Any CPU = Debug|Any CPU
		Release|Any CPU = Release|Any CPU
	EndGlobalSection
	GlobalSection(ProjectConfigurationPlatforms) = postSolution
		{2386C0E4-DF45-462C-8369-61140A9C5E9C}.Debug|Any CPU.ActiveCfg = Debug|Any CPU
		{2386C0E4-DF45-462C-8369-61140A9C5E9C}.Debug|Any CPU.Build.0 = Debug|Any CPU
		{2386C0E4-DF45-462C-8369-61140A9C5E9C}.Release|Any CPU.ActiveCfg = Release|Any CPU
		{2386C0E4-DF45-462C-8369-61140A9C5E9C}.Release|Any CPU.Build.0 = Release|Any CPU
		{2D82AD19-0E49-400B-A4D7-39DBB8C8B19C}.Debug|Any CPU.ActiveCfg = Debug|Any CPU
		{2D82AD19-0E49-400B-A4D7-39DBB8C8B19C}.Debug|Any CPU.Build.0 = Debug|Any CPU
		{2D82AD19-0E49-400B-A4D7-39DBB8C8B19C}.Release|Any CPU.ActiveCfg = Release|Any CPU
		{2D82AD19-0E49-400B-A4D7-39DBB8C8B19C}.Release|Any CPU.Build.0 = Release|Any CPU
		{1E5523CC-9D01-4320-AFE1-E413C70DA3A2}.Debug|Any CPU.ActiveCfg = Debug|Any CPU
		{1E5523CC-9D01-4320-AFE1-E413C70DA3A2}.Debug|Any CPU.Build.0 = Debug|Any CPU
		{1E5523CC-9D01-4320-AFE1-E413C70DA3A2}.Release|Any CPU.ActiveCfg = Release|Any CPU
		{1E5523CC-9D01-4320-AFE1-E413C70DA3A2}.Release|Any CPU.Build.0 = Release|Any CPU
	EndGlobalSection
	GlobalSection(SolutionProperties) = preSolution
		HideSolutionNode = FALSE
	EndGlobalSection
	GlobalSection(ExtensibilityGlobals) = postSolution
		SolutionGuid = {36E2E591-CF14-4848-914A-B3C9072ABFDD}
	EndGlobalSection
EndGlobal
